
Microsoft Visual Studio Solution File, Format Version 12.00
# Visual Studio Version 17
VisualStudioVersion = 17.11.35208.52
MinimumVisualStudioVersion = 10.0.40219.1
Project("{FAE04EC0-301F-11D3-BF4B-00C04F79EFBC}") = "TrainReservationAPI", "TrainReservationAPI\TrainReservationAPI.csproj", "{B12C1B01-B96C-464C-B8CE-CC1681DC7CB7}"
EndProject
Project("{FAE04EC0-301F-11D3-BF4B-00C04F79EFBC}") = "Entities", "Entities\Entities.csproj", "{913A3649-2E09-4DCE-8312-5C17A3803E9F}"
EndProject
Project("{FAE04EC0-301F-11D3-BF4B-00C04F79EFBC}") = "Presentation", "Presentation\Presentation.csproj", "{435792E0-5D0F-404E-8E2D-3A18248C95A2}"
EndProject
Project("{FAE04EC0-301F-11D3-BF4B-00C04F79EFBC}") = "Repositories", "Repositories\Repositories.csproj", "{7F16D657-B9F2-4AC2-A7A4-1DB8D194A31F}"
EndProject
Project("{FAE04EC0-301F-11D3-BF4B-00C04F79EFBC}") = "Services", "Services\Services.csproj", "{0189789E-77AB-49E4-BB8F-DC99778D28BB}"
EndProject
Global
	GlobalSection(SolutionConfigurationPlatforms) = preSolution
		Debug|Any CPU = Debug|Any CPU
		Release|Any CPU = Release|Any CPU
	EndGlobalSection
	GlobalSection(ProjectConfigurationPlatforms) = postSolution
		{B12C1B01-B96C-464C-B8CE-CC1681DC7CB7}.Debug|Any CPU.ActiveCfg = Debug|Any CPU
		{B12C1B01-B96C-464C-B8CE-CC1681DC7CB7}.Debug|Any CPU.Build.0 = Debug|Any CPU
		{B12C1B01-B96C-464C-B8CE-CC1681DC7CB7}.Release|Any CPU.ActiveCfg = Release|Any CPU
		{B12C1B01-B96C-464C-B8CE-CC1681DC7CB7}.Release|Any CPU.Build.0 = Release|Any CPU
		{913A3649-2E09-4DCE-8312-5C17A3803E9F}.Debug|Any CPU.ActiveCfg = Debug|Any CPU
		{913A3649-2E09-4DCE-8312-5C17A3803E9F}.Debug|Any CPU.Build.0 = Debug|Any CPU
		{913A3649-2E09-4DCE-8312-5C17A3803E9F}.Release|Any CPU.ActiveCfg = Release|Any CPU
		{913A3649-2E09-4DCE-8312-5C17A3803E9F}.Release|Any CPU.Build.0 = Release|Any CPU
		{435792E0-5D0F-404E-8E2D-3A18248C95A2}.Debug|Any CPU.ActiveCfg = Debug|Any CPU
		{435792E0-5D0F-404E-8E2D-3A18248C95A2}.Debug|Any CPU.Build.0 = Debug|Any CPU
		{435792E0-5D0F-404E-8E2D-3A18248C95A2}.Release|Any CPU.ActiveCfg = Release|Any CPU
		{435792E0-5D0F-404E-8E2D-3A18248C95A2}.Release|Any CPU.Build.0 = Release|Any CPU
		{7F16D657-B9F2-4AC2-A7A4-1DB8D194A31F}.Debug|Any CPU.ActiveCfg = Debug|Any CPU
		{7F16D657-B9F2-4AC2-A7A4-1DB8D194A31F}.Debug|Any CPU.Build.0 = Debug|Any CPU
		{7F16D657-B9F2-4AC2-A7A4-1DB8D194A31F}.Release|Any CPU.ActiveCfg = Release|Any CPU
		{7F16D657-B9F2-4AC2-A7A4-1DB8D194A31F}.Release|Any CPU.Build.0 = Release|Any CPU
		{0189789E-77AB-49E4-BB8F-DC99778D28BB}.Debug|Any CPU.ActiveCfg = Debug|Any CPU
		{0189789E-77AB-49E4-BB8F-DC99778D28BB}.Debug|Any CPU.Build.0 = Debug|Any CPU
		{0189789E-77AB-49E4-BB8F-DC99778D28BB}.Release|Any CPU.ActiveCfg = Release|Any CPU
		{0189789E-77AB-49E4-BB8F-DC99778D28BB}.Release|Any CPU.Build.0 = Release|Any CPU
	EndGlobalSection
	GlobalSection(SolutionProperties) = preSolution
		HideSolutionNode = FALSE
	EndGlobalSection
	GlobalSection(ExtensibilityGlobals) = postSolution
		SolutionGuid = {A6B87E5A-F814-4C8D-B5FF-4849423167B9}
	EndGlobalSection
EndGlobal
